// !$*UTF8*$!
{
	archiveVersion = 1;
	classes = {
	};
	objectVersion = 51;
	objects = {

/* Begin PBXBuildFile section */
		25440F17F92BF37EB9C26742 /* Pods_PunkeBeerAppTests.framework in Frameworks */ = {isa = PBXBuildFile; fileRef = AD0B89747A1BFA4FFE610F23 /* Pods_PunkeBeerAppTests.framework */; };
		9A6E80C824DD0AB2002CA865 /* BEER.TTF in Resources */ = {isa = PBXBuildFile; fileRef = 9A6E80C724DD0AB2002CA865 /* BEER.TTF */; };
		9A95E73924D7730E00F33F51 /* AppDelegate.swift in Sources */ = {isa = PBXBuildFile; fileRef = 9A95E73824D7730E00F33F51 /* AppDelegate.swift */; };
		9A95E73B24D7730E00F33F51 /* SceneDelegate.swift in Sources */ = {isa = PBXBuildFile; fileRef = 9A95E73A24D7730E00F33F51 /* SceneDelegate.swift */; };
		9A95E74024D7730E00F33F51 /* Main.storyboard in Resources */ = {isa = PBXBuildFile; fileRef = 9A95E73E24D7730E00F33F51 /* Main.storyboard */; };
		9A95E74324D7730E00F33F51 /* PunkeBeerApp.xcdatamodeld in Sources */ = {isa = PBXBuildFile; fileRef = 9A95E74124D7730E00F33F51 /* PunkeBeerApp.xcdatamodeld */; };
		9A95E74524D7731300F33F51 /* Assets.xcassets in Resources */ = {isa = PBXBuildFile; fileRef = 9A95E74424D7731300F33F51 /* Assets.xcassets */; };
		9A95E74824D7731300F33F51 /* LaunchScreen.storyboard in Resources */ = {isa = PBXBuildFile; fileRef = 9A95E74624D7731300F33F51 /* LaunchScreen.storyboard */; };
		9A95E75324D7731300F33F51 /* PunkeBeerAppTests.swift in Sources */ = {isa = PBXBuildFile; fileRef = 9A95E75224D7731300F33F51 /* PunkeBeerAppTests.swift */; };
		9A95E75E24D7731300F33F51 /* PunkeBeerAppUITests.swift in Sources */ = {isa = PBXBuildFile; fileRef = 9A95E75D24D7731300F33F51 /* PunkeBeerAppUITests.swift */; };
		9A95E77024D7784400F33F51 /* MainViewController.swift in Sources */ = {isa = PBXBuildFile; fileRef = 9A95E76F24D7784400F33F51 /* MainViewController.swift */; };
		9A95E77224D778F400F33F51 /* Beer.swift in Sources */ = {isa = PBXBuildFile; fileRef = 9A95E77124D778F400F33F51 /* Beer.swift */; };
		9A95E77424D822F300F33F51 /* MainViewModel.swift in Sources */ = {isa = PBXBuildFile; fileRef = 9A95E77324D822F300F33F51 /* MainViewModel.swift */; };
		9A95E77824D8302C00F33F51 /* MainTableViewCell.swift in Sources */ = {isa = PBXBuildFile; fileRef = 9A95E77624D8302C00F33F51 /* MainTableViewCell.swift */; };
		9A95E77924D8302C00F33F51 /* MainTableViewCell.xib in Resources */ = {isa = PBXBuildFile; fileRef = 9A95E77724D8302C00F33F51 /* MainTableViewCell.xib */; };
		C2EE67DB7C28069E45EF1004 /* Pods_PunkeBeerApp_PunkeBeerAppUITests.framework in Frameworks */ = {isa = PBXBuildFile; fileRef = 20A7F700AFDB4F2F53175560 /* Pods_PunkeBeerApp_PunkeBeerAppUITests.framework */; };
		DB939DBAC5EC3DAD787874C0 /* Pods_PunkeBeerApp.framework in Frameworks */ = {isa = PBXBuildFile; fileRef = 880AAA0774A3E4E16B796F07 /* Pods_PunkeBeerApp.framework */; };
/* End PBXBuildFile section */

/* Begin PBXContainerItemProxy section */
		9A95E74F24D7731300F33F51 /* PBXContainerItemProxy */ = {
			isa = PBXContainerItemProxy;
			containerPortal = 9A95E72D24D7730E00F33F51 /* Project object */;
			proxyType = 1;
			remoteGlobalIDString = 9A95E73424D7730E00F33F51;
			remoteInfo = PunkeBeerApp;
		};
		9A95E75A24D7731300F33F51 /* PBXContainerItemProxy */ = {
			isa = PBXContainerItemProxy;
			containerPortal = 9A95E72D24D7730E00F33F51 /* Project object */;
			proxyType = 1;
			remoteGlobalIDString = 9A95E73424D7730E00F33F51;
			remoteInfo = PunkeBeerApp;
		};
/* End PBXContainerItemProxy section */

/* Begin PBXFileReference section */
		20A7F700AFDB4F2F53175560 /* Pods_PunkeBeerApp_PunkeBeerAppUITests.framework */ = {isa = PBXFileReference; explicitFileType = wrapper.framework; includeInIndex = 0; path = Pods_PunkeBeerApp_PunkeBeerAppUITests.framework; sourceTree = BUILT_PRODUCTS_DIR; };
		32D20B78156B9B47C2ECB362 /* Pods-PunkeBeerApp.release.xcconfig */ = {isa = PBXFileReference; includeInIndex = 1; lastKnownFileType = text.xcconfig; name = "Pods-PunkeBeerApp.release.xcconfig"; path = "Target Support Files/Pods-PunkeBeerApp/Pods-PunkeBeerApp.release.xcconfig"; sourceTree = "<group>"; };
		363B85A42DB84E87A9422CAD /* Pods-PunkeBeerAppTests.debug.xcconfig */ = {isa = PBXFileReference; includeInIndex = 1; lastKnownFileType = text.xcconfig; name = "Pods-PunkeBeerAppTests.debug.xcconfig"; path = "Target Support Files/Pods-PunkeBeerAppTests/Pods-PunkeBeerAppTests.debug.xcconfig"; sourceTree = "<group>"; };
		47BA9A47A0A7506770155A71 /* Pods-PunkeBeerApp.debug.xcconfig */ = {isa = PBXFileReference; includeInIndex = 1; lastKnownFileType = text.xcconfig; name = "Pods-PunkeBeerApp.debug.xcconfig"; path = "Target Support Files/Pods-PunkeBeerApp/Pods-PunkeBeerApp.debug.xcconfig"; sourceTree = "<group>"; };
		4FC11E352F7E7E4876A05E73 /* Pods-PunkeBeerAppTests.release.xcconfig */ = {isa = PBXFileReference; includeInIndex = 1; lastKnownFileType = text.xcconfig; name = "Pods-PunkeBeerAppTests.release.xcconfig"; path = "Target Support Files/Pods-PunkeBeerAppTests/Pods-PunkeBeerAppTests.release.xcconfig"; sourceTree = "<group>"; };
		880AAA0774A3E4E16B796F07 /* Pods_PunkeBeerApp.framework */ = {isa = PBXFileReference; explicitFileType = wrapper.framework; includeInIndex = 0; path = Pods_PunkeBeerApp.framework; sourceTree = BUILT_PRODUCTS_DIR; };
		9A6E80C724DD0AB2002CA865 /* BEER.TTF */ = {isa = PBXFileReference; lastKnownFileType = file; path = BEER.TTF; sourceTree = "<group>"; };
		9A95E73524D7730E00F33F51 /* PunkeBeerApp.app */ = {isa = PBXFileReference; explicitFileType = wrapper.application; includeInIndex = 0; path = PunkeBeerApp.app; sourceTree = BUILT_PRODUCTS_DIR; };
		9A95E73824D7730E00F33F51 /* AppDelegate.swift */ = {isa = PBXFileReference; lastKnownFileType = sourcecode.swift; path = AppDelegate.swift; sourceTree = "<group>"; };
		9A95E73A24D7730E00F33F51 /* SceneDelegate.swift */ = {isa = PBXFileReference; lastKnownFileType = sourcecode.swift; path = SceneDelegate.swift; sourceTree = "<group>"; };
		9A95E73F24D7730E00F33F51 /* Base */ = {isa = PBXFileReference; lastKnownFileType = file.storyboard; name = Base; path = Base.lproj/Main.storyboard; sourceTree = "<group>"; };
		9A95E74224D7730E00F33F51 /* PunkeBeerApp.xcdatamodel */ = {isa = PBXFileReference; lastKnownFileType = wrapper.xcdatamodel; path = PunkeBeerApp.xcdatamodel; sourceTree = "<group>"; };
		9A95E74424D7731300F33F51 /* Assets.xcassets */ = {isa = PBXFileReference; lastKnownFileType = folder.assetcatalog; path = Assets.xcassets; sourceTree = "<group>"; };
		9A95E74724D7731300F33F51 /* Base */ = {isa = PBXFileReference; lastKnownFileType = file.storyboard; name = Base; path = Base.lproj/LaunchScreen.storyboard; sourceTree = "<group>"; };
		9A95E74924D7731300F33F51 /* Info.plist */ = {isa = PBXFileReference; lastKnownFileType = text.plist.xml; path = Info.plist; sourceTree = "<group>"; };
		9A95E74E24D7731300F33F51 /* PunkeBeerAppTests.xctest */ = {isa = PBXFileReference; explicitFileType = wrapper.cfbundle; includeInIndex = 0; path = PunkeBeerAppTests.xctest; sourceTree = BUILT_PRODUCTS_DIR; };
		9A95E75224D7731300F33F51 /* PunkeBeerAppTests.swift */ = {isa = PBXFileReference; lastKnownFileType = sourcecode.swift; path = PunkeBeerAppTests.swift; sourceTree = "<group>"; };
		9A95E75424D7731300F33F51 /* Info.plist */ = {isa = PBXFileReference; lastKnownFileType = text.plist.xml; path = Info.plist; sourceTree = "<group>"; };
		9A95E75924D7731300F33F51 /* PunkeBeerAppUITests.xctest */ = {isa = PBXFileReference; explicitFileType = wrapper.cfbundle; includeInIndex = 0; path = PunkeBeerAppUITests.xctest; sourceTree = BUILT_PRODUCTS_DIR; };
		9A95E75D24D7731300F33F51 /* PunkeBeerAppUITests.swift */ = {isa = PBXFileReference; lastKnownFileType = sourcecode.swift; path = PunkeBeerAppUITests.swift; sourceTree = "<group>"; };
		9A95E75F24D7731300F33F51 /* Info.plist */ = {isa = PBXFileReference; lastKnownFileType = text.plist.xml; path = Info.plist; sourceTree = "<group>"; };
		9A95E76F24D7784400F33F51 /* MainViewController.swift */ = {isa = PBXFileReference; lastKnownFileType = sourcecode.swift; path = MainViewController.swift; sourceTree = "<group>"; };
		9A95E77124D778F400F33F51 /* Beer.swift */ = {isa = PBXFileReference; lastKnownFileType = sourcecode.swift; path = Beer.swift; sourceTree = "<group>"; };
		9A95E77324D822F300F33F51 /* MainViewModel.swift */ = {isa = PBXFileReference; lastKnownFileType = sourcecode.swift; path = MainViewModel.swift; sourceTree = "<group>"; };
		9A95E77624D8302C00F33F51 /* MainTableViewCell.swift */ = {isa = PBXFileReference; lastKnownFileType = sourcecode.swift; path = MainTableViewCell.swift; sourceTree = "<group>"; };
		9A95E77724D8302C00F33F51 /* MainTableViewCell.xib */ = {isa = PBXFileReference; lastKnownFileType = file.xib; path = MainTableViewCell.xib; sourceTree = "<group>"; };
		9B59A6A951958C4200C05F1F /* Pods-PunkeBeerApp-PunkeBeerAppUITests.release.xcconfig */ = {isa = PBXFileReference; includeInIndex = 1; lastKnownFileType = text.xcconfig; name = "Pods-PunkeBeerApp-PunkeBeerAppUITests.release.xcconfig"; path = "Target Support Files/Pods-PunkeBeerApp-PunkeBeerAppUITests/Pods-PunkeBeerApp-PunkeBeerAppUITests.release.xcconfig"; sourceTree = "<group>"; };
		AD0B89747A1BFA4FFE610F23 /* Pods_PunkeBeerAppTests.framework */ = {isa = PBXFileReference; explicitFileType = wrapper.framework; includeInIndex = 0; path = Pods_PunkeBeerAppTests.framework; sourceTree = BUILT_PRODUCTS_DIR; };
		CC2F8350CA068CC481837644 /* Pods-PunkeBeerApp-PunkeBeerAppUITests.debug.xcconfig */ = {isa = PBXFileReference; includeInIndex = 1; lastKnownFileType = text.xcconfig; name = "Pods-PunkeBeerApp-PunkeBeerAppUITests.debug.xcconfig"; path = "Target Support Files/Pods-PunkeBeerApp-PunkeBeerAppUITests/Pods-PunkeBeerApp-PunkeBeerAppUITests.debug.xcconfig"; sourceTree = "<group>"; };
/* End PBXFileReference section */

/* Begin PBXFrameworksBuildPhase section */
		9A95E73224D7730E00F33F51 /* Frameworks */ = {
			isa = PBXFrameworksBuildPhase;
			buildActionMask = 2147483647;
			files = (
				DB939DBAC5EC3DAD787874C0 /* Pods_PunkeBeerApp.framework in Frameworks */,
			);
			runOnlyForDeploymentPostprocessing = 0;
		};
		9A95E74B24D7731300F33F51 /* Frameworks */ = {
			isa = PBXFrameworksBuildPhase;
			buildActionMask = 2147483647;
			files = (
				25440F17F92BF37EB9C26742 /* Pods_PunkeBeerAppTests.framework in Frameworks */,
			);
			runOnlyForDeploymentPostprocessing = 0;
		};
		9A95E75624D7731300F33F51 /* Frameworks */ = {
			isa = PBXFrameworksBuildPhase;
			buildActionMask = 2147483647;
			files = (
				C2EE67DB7C28069E45EF1004 /* Pods_PunkeBeerApp_PunkeBeerAppUITests.framework in Frameworks */,
			);
			runOnlyForDeploymentPostprocessing = 0;
		};
/* End PBXFrameworksBuildPhase section */

/* Begin PBXGroup section */
		2AB7D01A5197880266A609FF /* Pods */ = {
			isa = PBXGroup;
			children = (
				47BA9A47A0A7506770155A71 /* Pods-PunkeBeerApp.debug.xcconfig */,
				32D20B78156B9B47C2ECB362 /* Pods-PunkeBeerApp.release.xcconfig */,
				CC2F8350CA068CC481837644 /* Pods-PunkeBeerApp-PunkeBeerAppUITests.debug.xcconfig */,
				9B59A6A951958C4200C05F1F /* Pods-PunkeBeerApp-PunkeBeerAppUITests.release.xcconfig */,
				363B85A42DB84E87A9422CAD /* Pods-PunkeBeerAppTests.debug.xcconfig */,
				4FC11E352F7E7E4876A05E73 /* Pods-PunkeBeerAppTests.release.xcconfig */,
			);
			path = Pods;
			sourceTree = "<group>";
		};
		9A6E80C524DD0A4B002CA865 /* Utils */ = {
			isa = PBXGroup;
			children = (
				9A6E80C624DD0A59002CA865 /* Fonts */,
			);
			path = Utils;
			sourceTree = "<group>";
		};
		9A6E80C624DD0A59002CA865 /* Fonts */ = {
			isa = PBXGroup;
			children = (
				9A6E80C724DD0AB2002CA865 /* BEER.TTF */,
			);
			path = Fonts;
			sourceTree = "<group>";
		};
		9A95E72C24D7730E00F33F51 = {
			isa = PBXGroup;
			children = (
				9A95E73724D7730E00F33F51 /* PunkeBeerApp */,
				9A95E75124D7731300F33F51 /* PunkeBeerAppTests */,
				9A95E75C24D7731300F33F51 /* PunkeBeerAppUITests */,
				9A95E73624D7730E00F33F51 /* Products */,
				2AB7D01A5197880266A609FF /* Pods */,
				CCE1BD39E31A5E3142C3C9F7 /* Frameworks */,
			);
			sourceTree = "<group>";
		};
		9A95E73624D7730E00F33F51 /* Products */ = {
			isa = PBXGroup;
			children = (
				9A95E73524D7730E00F33F51 /* PunkeBeerApp.app */,
				9A95E74E24D7731300F33F51 /* PunkeBeerAppTests.xctest */,
				9A95E75924D7731300F33F51 /* PunkeBeerAppUITests.xctest */,
			);
			name = Products;
			sourceTree = "<group>";
		};
		9A95E73724D7730E00F33F51 /* PunkeBeerApp */ = {
			isa = PBXGroup;
			children = (
				9A6E80C524DD0A4B002CA865 /* Utils */,
				9A95E76B24D7774F00F33F51 /* Main */,
				9A95E73824D7730E00F33F51 /* AppDelegate.swift */,
				9A95E73A24D7730E00F33F51 /* SceneDelegate.swift */,
				9A95E73E24D7730E00F33F51 /* Main.storyboard */,
				9A95E74424D7731300F33F51 /* Assets.xcassets */,
				9A95E74624D7731300F33F51 /* LaunchScreen.storyboard */,
				9A95E74924D7731300F33F51 /* Info.plist */,
				9A95E74124D7730E00F33F51 /* PunkeBeerApp.xcdatamodeld */,
			);
			path = PunkeBeerApp;
			sourceTree = "<group>";
		};
		9A95E75124D7731300F33F51 /* PunkeBeerAppTests */ = {
			isa = PBXGroup;
			children = (
				9A95E75224D7731300F33F51 /* PunkeBeerAppTests.swift */,
				9A95E75424D7731300F33F51 /* Info.plist */,
			);
			path = PunkeBeerAppTests;
			sourceTree = "<group>";
		};
		9A95E75C24D7731300F33F51 /* PunkeBeerAppUITests */ = {
			isa = PBXGroup;
			children = (
				9A95E75D24D7731300F33F51 /* PunkeBeerAppUITests.swift */,
				9A95E75F24D7731300F33F51 /* Info.plist */,
			);
			path = PunkeBeerAppUITests;
			sourceTree = "<group>";
		};
		9A95E76B24D7774F00F33F51 /* Main */ = {
			isa = PBXGroup;
			children = (
				9A95E77524D8300300F33F51 /* Cells */,
				9A95E76C24D7777800F33F51 /* Model */,
				9A95E76D24D7778100F33F51 /* View */,
				9A95E76E24D777E500F33F51 /* ViewModel */,
			);
			path = Main;
			sourceTree = "<group>";
		};
		9A95E76C24D7777800F33F51 /* Model */ = {
			isa = PBXGroup;
			children = (
				9A95E77124D778F400F33F51 /* Beer.swift */,
			);
			path = Model;
			sourceTree = "<group>";
		};
		9A95E76D24D7778100F33F51 /* View */ = {
			isa = PBXGroup;
			children = (
				9A95E76F24D7784400F33F51 /* MainViewController.swift */,
			);
			path = View;
			sourceTree = "<group>";
		};
		9A95E76E24D777E500F33F51 /* ViewModel */ = {
			isa = PBXGroup;
			children = (
				9A95E77324D822F300F33F51 /* MainViewModel.swift */,
			);
			path = ViewModel;
			sourceTree = "<group>";
		};
		9A95E77524D8300300F33F51 /* Cells */ = {
			isa = PBXGroup;
			children = (
				9A95E77624D8302C00F33F51 /* MainTableViewCell.swift */,
				9A95E77724D8302C00F33F51 /* MainTableViewCell.xib */,
			);
			path = Cells;
			sourceTree = "<group>";
		};
		CCE1BD39E31A5E3142C3C9F7 /* Frameworks */ = {
			isa = PBXGroup;
			children = (
				880AAA0774A3E4E16B796F07 /* Pods_PunkeBeerApp.framework */,
				20A7F700AFDB4F2F53175560 /* Pods_PunkeBeerApp_PunkeBeerAppUITests.framework */,
				AD0B89747A1BFA4FFE610F23 /* Pods_PunkeBeerAppTests.framework */,
			);
			name = Frameworks;
			sourceTree = "<group>";
		};
/* End PBXGroup section */

/* Begin PBXNativeTarget section */
		9A95E73424D7730E00F33F51 /* PunkeBeerApp */ = {
			isa = PBXNativeTarget;
			buildConfigurationList = 9A95E76224D7731300F33F51 /* Build configuration list for PBXNativeTarget "PunkeBeerApp" */;
			buildPhases = (
				3585CEDF43F75D60D185B965 /* [CP] Check Pods Manifest.lock */,
				9A95E73124D7730E00F33F51 /* Sources */,
				9A95E73224D7730E00F33F51 /* Frameworks */,
				9A95E73324D7730E00F33F51 /* Resources */,
				7BDF27B1B7F3926877D468C2 /* [CP] Embed Pods Frameworks */,
			);
			buildRules = (
			);
			dependencies = (
			);
			name = PunkeBeerApp;
			productName = PunkeBeerApp;
			productReference = 9A95E73524D7730E00F33F51 /* PunkeBeerApp.app */;
			productType = "com.apple.product-type.application";
		};
		9A95E74D24D7731300F33F51 /* PunkeBeerAppTests */ = {
			isa = PBXNativeTarget;
			buildConfigurationList = 9A95E76524D7731300F33F51 /* Build configuration list for PBXNativeTarget "PunkeBeerAppTests" */;
			buildPhases = (
				F2F45CB8AD339CEC1258C903 /* [CP] Check Pods Manifest.lock */,
				9A95E74A24D7731300F33F51 /* Sources */,
				9A95E74B24D7731300F33F51 /* Frameworks */,
				9A95E74C24D7731300F33F51 /* Resources */,
			);
			buildRules = (
			);
			dependencies = (
				9A95E75024D7731300F33F51 /* PBXTargetDependency */,
			);
			name = PunkeBeerAppTests;
			productName = PunkeBeerAppTests;
			productReference = 9A95E74E24D7731300F33F51 /* PunkeBeerAppTests.xctest */;
			productType = "com.apple.product-type.bundle.unit-test";
		};
		9A95E75824D7731300F33F51 /* PunkeBeerAppUITests */ = {
			isa = PBXNativeTarget;
			buildConfigurationList = 9A95E76824D7731300F33F51 /* Build configuration list for PBXNativeTarget "PunkeBeerAppUITests" */;
			buildPhases = (
				047A43FC439AE2AC1AFB957D /* [CP] Check Pods Manifest.lock */,
				9A95E75524D7731300F33F51 /* Sources */,
				9A95E75624D7731300F33F51 /* Frameworks */,
				9A95E75724D7731300F33F51 /* Resources */,
				5292B9CC3979A43F7661BB3B /* [CP] Embed Pods Frameworks */,
			);
			buildRules = (
			);
			dependencies = (
				9A95E75B24D7731300F33F51 /* PBXTargetDependency */,
			);
			name = PunkeBeerAppUITests;
			productName = PunkeBeerAppUITests;
			productReference = 9A95E75924D7731300F33F51 /* PunkeBeerAppUITests.xctest */;
			productType = "com.apple.product-type.bundle.ui-testing";
		};
/* End PBXNativeTarget section */

/* Begin PBXProject section */
		9A95E72D24D7730E00F33F51 /* Project object */ = {
			isa = PBXProject;
			attributes = {
				LastSwiftUpdateCheck = 1160;
				LastUpgradeCheck = 1160;
				ORGANIZATIONNAME = "Marc Gallardo";
				TargetAttributes = {
					9A95E73424D7730E00F33F51 = {
						CreatedOnToolsVersion = 11.6;
					};
					9A95E74D24D7731300F33F51 = {
						CreatedOnToolsVersion = 11.6;
						TestTargetID = 9A95E73424D7730E00F33F51;
					};
					9A95E75824D7731300F33F51 = {
						CreatedOnToolsVersion = 11.6;
						TestTargetID = 9A95E73424D7730E00F33F51;
					};
				};
			};
			buildConfigurationList = 9A95E73024D7730E00F33F51 /* Build configuration list for PBXProject "PunkeBeerApp" */;
			compatibilityVersion = "Xcode 9.3";
			developmentRegion = en;
			hasScannedForEncodings = 0;
			knownRegions = (
				en,
				Base,
			);
			mainGroup = 9A95E72C24D7730E00F33F51;
			productRefGroup = 9A95E73624D7730E00F33F51 /* Products */;
			projectDirPath = "";
			projectRoot = "";
			targets = (
				9A95E73424D7730E00F33F51 /* PunkeBeerApp */,
				9A95E74D24D7731300F33F51 /* PunkeBeerAppTests */,
				9A95E75824D7731300F33F51 /* PunkeBeerAppUITests */,
			);
		};
/* End PBXProject section */

/* Begin PBXResourcesBuildPhase section */
		9A95E73324D7730E00F33F51 /* Resources */ = {
			isa = PBXResourcesBuildPhase;
			buildActionMask = 2147483647;
			files = (
				9A95E74824D7731300F33F51 /* LaunchScreen.storyboard in Resources */,
				9A95E74524D7731300F33F51 /* Assets.xcassets in Resources */,
				9A95E77924D8302C00F33F51 /* MainTableViewCell.xib in Resources */,
				9A6E80C824DD0AB2002CA865 /* BEER.TTF in Resources */,
				9A95E74024D7730E00F33F51 /* Main.storyboard in Resources */,
			);
			runOnlyForDeploymentPostprocessing = 0;
		};
		9A95E74C24D7731300F33F51 /* Resources */ = {
			isa = PBXResourcesBuildPhase;
			buildActionMask = 2147483647;
			files = (
			);
			runOnlyForDeploymentPostprocessing = 0;
		};
		9A95E75724D7731300F33F51 /* Resources */ = {
			isa = PBXResourcesBuildPhase;
			buildActionMask = 2147483647;
			files = (
			);
			runOnlyForDeploymentPostprocessing = 0;
		};
/* End PBXResourcesBuildPhase section */

/* Begin PBXShellScriptBuildPhase section */
		047A43FC439AE2AC1AFB957D /* [CP] Check Pods Manifest.lock */ = {
			isa = PBXShellScriptBuildPhase;
			buildActionMask = 2147483647;
			files = (
			);
			inputFileListPaths = (
			);
			inputPaths = (
				"${PODS_PODFILE_DIR_PATH}/Podfile.lock",
				"${PODS_ROOT}/Manifest.lock",
			);
			name = "[CP] Check Pods Manifest.lock";
			outputFileListPaths = (
			);
			outputPaths = (
				"$(DERIVED_FILE_DIR)/Pods-PunkeBeerApp-PunkeBeerAppUITests-checkManifestLockResult.txt",
			);
			runOnlyForDeploymentPostprocessing = 0;
			shellPath = /bin/sh;
			shellScript = "diff \"${PODS_PODFILE_DIR_PATH}/Podfile.lock\" \"${PODS_ROOT}/Manifest.lock\" > /dev/null\nif [ $? != 0 ] ; then\n    # print error to STDERR\n    echo \"error: The sandbox is not in sync with the Podfile.lock. Run 'pod install' or update your CocoaPods installation.\" >&2\n    exit 1\nfi\n# This output is used by Xcode 'outputs' to avoid re-running this script phase.\necho \"SUCCESS\" > \"${SCRIPT_OUTPUT_FILE_0}\"\n";
			showEnvVarsInLog = 0;
		};
		3585CEDF43F75D60D185B965 /* [CP] Check Pods Manifest.lock */ = {
			isa = PBXShellScriptBuildPhase;
			buildActionMask = 2147483647;
			files = (
			);
			inputFileListPaths = (
			);
			inputPaths = (
				"${PODS_PODFILE_DIR_PATH}/Podfile.lock",
				"${PODS_ROOT}/Manifest.lock",
			);
			name = "[CP] Check Pods Manifest.lock";
			outputFileListPaths = (
			);
			outputPaths = (
				"$(DERIVED_FILE_DIR)/Pods-PunkeBeerApp-checkManifestLockResult.txt",
			);
			runOnlyForDeploymentPostprocessing = 0;
			shellPath = /bin/sh;
			shellScript = "diff \"${PODS_PODFILE_DIR_PATH}/Podfile.lock\" \"${PODS_ROOT}/Manifest.lock\" > /dev/null\nif [ $? != 0 ] ; then\n    # print error to STDERR\n    echo \"error: The sandbox is not in sync with the Podfile.lock. Run 'pod install' or update your CocoaPods installation.\" >&2\n    exit 1\nfi\n# This output is used by Xcode 'outputs' to avoid re-running this script phase.\necho \"SUCCESS\" > \"${SCRIPT_OUTPUT_FILE_0}\"\n";
			showEnvVarsInLog = 0;
		};
		5292B9CC3979A43F7661BB3B /* [CP] Embed Pods Frameworks */ = {
			isa = PBXShellScriptBuildPhase;
			buildActionMask = 2147483647;
			files = (
			);
			inputFileListPaths = (
				"${PODS_ROOT}/Target Support Files/Pods-PunkeBeerApp-PunkeBeerAppUITests/Pods-PunkeBeerApp-PunkeBeerAppUITests-frameworks-${CONFIGURATION}-input-files.xcfilelist",
			);
			name = "[CP] Embed Pods Frameworks";
			outputFileListPaths = (
				"${PODS_ROOT}/Target Support Files/Pods-PunkeBeerApp-PunkeBeerAppUITests/Pods-PunkeBeerApp-PunkeBeerAppUITests-frameworks-${CONFIGURATION}-output-files.xcfilelist",
			);
			runOnlyForDeploymentPostprocessing = 0;
			shellPath = /bin/sh;
			shellScript = "\"${PODS_ROOT}/Target Support Files/Pods-PunkeBeerApp-PunkeBeerAppUITests/Pods-PunkeBeerApp-PunkeBeerAppUITests-frameworks.sh\"\n";
			showEnvVarsInLog = 0;
		};
		7BDF27B1B7F3926877D468C2 /* [CP] Embed Pods Frameworks */ = {
			isa = PBXShellScriptBuildPhase;
			buildActionMask = 2147483647;
			files = (
			);
			inputFileListPaths = (
				"${PODS_ROOT}/Target Support Files/Pods-PunkeBeerApp/Pods-PunkeBeerApp-frameworks-${CONFIGURATION}-input-files.xcfilelist",
			);
			name = "[CP] Embed Pods Frameworks";
			outputFileListPaths = (
				"${PODS_ROOT}/Target Support Files/Pods-PunkeBeerApp/Pods-PunkeBeerApp-frameworks-${CONFIGURATION}-output-files.xcfilelist",
			);
			runOnlyForDeploymentPostprocessing = 0;
			shellPath = /bin/sh;
			shellScript = "\"${PODS_ROOT}/Target Support Files/Pods-PunkeBeerApp/Pods-PunkeBeerApp-frameworks.sh\"\n";
			showEnvVarsInLog = 0;
		};
		F2F45CB8AD339CEC1258C903 /* [CP] Check Pods Manifest.lock */ = {
			isa = PBXShellScriptBuildPhase;
			buildActionMask = 2147483647;
			files = (
			);
			inputFileListPaths = (
			);
			inputPaths = (
				"${PODS_PODFILE_DIR_PATH}/Podfile.lock",
				"${PODS_ROOT}/Manifest.lock",
			);
			name = "[CP] Check Pods Manifest.lock";
			outputFileListPaths = (
			);
			outputPaths = (
				"$(DERIVED_FILE_DIR)/Pods-PunkeBeerAppTests-checkManifestLockResult.txt",
			);
			runOnlyForDeploymentPostprocessing = 0;
			shellPath = /bin/sh;
			shellScript = "diff \"${PODS_PODFILE_DIR_PATH}/Podfile.lock\" \"${PODS_ROOT}/Manifest.lock\" > /dev/null\nif [ $? != 0 ] ; then\n    # print error to STDERR\n    echo \"error: The sandbox is not in sync with the Podfile.lock. Run 'pod install' or update your CocoaPods installation.\" >&2\n    exit 1\nfi\n# This output is used by Xcode 'outputs' to avoid re-running this script phase.\necho \"SUCCESS\" > \"${SCRIPT_OUTPUT_FILE_0}\"\n";
			showEnvVarsInLog = 0;
		};
/* End PBXShellScriptBuildPhase section */

/* Begin PBXSourcesBuildPhase section */
		9A95E73124D7730E00F33F51 /* Sources */ = {
			isa = PBXSourcesBuildPhase;
			buildActionMask = 2147483647;
			files = (
				9A95E77424D822F300F33F51 /* MainViewModel.swift in Sources */,
				9A95E77224D778F400F33F51 /* Beer.swift in Sources */,
				9A95E73924D7730E00F33F51 /* AppDelegate.swift in Sources */,
				9A95E77824D8302C00F33F51 /* MainTableViewCell.swift in Sources */,
				9A95E73B24D7730E00F33F51 /* SceneDelegate.swift in Sources */,
				9A95E74324D7730E00F33F51 /* PunkeBeerApp.xcdatamodeld in Sources */,
				9A95E77024D7784400F33F51 /* MainViewController.swift in Sources */,
			);
			runOnlyForDeploymentPostprocessing = 0;
		};
		9A95E74A24D7731300F33F51 /* Sources */ = {
			isa = PBXSourcesBuildPhase;
			buildActionMask = 2147483647;
			files = (
				9A95E75324D7731300F33F51 /* PunkeBeerAppTests.swift in Sources */,
			);
			runOnlyForDeploymentPostprocessing = 0;
		};
		9A95E75524D7731300F33F51 /* Sources */ = {
			isa = PBXSourcesBuildPhase;
			buildActionMask = 2147483647;
			files = (
				9A95E75E24D7731300F33F51 /* PunkeBeerAppUITests.swift in Sources */,
			);
			runOnlyForDeploymentPostprocessing = 0;
		};
/* End PBXSourcesBuildPhase section */

/* Begin PBXTargetDependency section */
		9A95E75024D7731300F33F51 /* PBXTargetDependency */ = {
			isa = PBXTargetDependency;
			target = 9A95E73424D7730E00F33F51 /* PunkeBeerApp */;
			targetProxy = 9A95E74F24D7731300F33F51 /* PBXContainerItemProxy */;
		};
		9A95E75B24D7731300F33F51 /* PBXTargetDependency */ = {
			isa = PBXTargetDependency;
			target = 9A95E73424D7730E00F33F51 /* PunkeBeerApp */;
			targetProxy = 9A95E75A24D7731300F33F51 /* PBXContainerItemProxy */;
		};
/* End PBXTargetDependency section */

/* Begin PBXVariantGroup section */
		9A95E73E24D7730E00F33F51 /* Main.storyboard */ = {
			isa = PBXVariantGroup;
			children = (
				9A95E73F24D7730E00F33F51 /* Base */,
			);
			name = Main.storyboard;
			sourceTree = "<group>";
		};
		9A95E74624D7731300F33F51 /* LaunchScreen.storyboard */ = {
			isa = PBXVariantGroup;
			children = (
				9A95E74724D7731300F33F51 /* Base */,
			);
			name = LaunchScreen.storyboard;
			sourceTree = "<group>";
		};
/* End PBXVariantGroup section */

/* Begin XCBuildConfiguration section */
		9A95E76024D7731300F33F51 /* Debug */ = {
			isa = XCBuildConfiguration;
			buildSettings = {
				ALWAYS_SEARCH_USER_PATHS = NO;
				CLANG_ANALYZER_NONNULL = YES;
				CLANG_ANALYZER_NUMBER_OBJECT_CONVERSION = YES_AGGRESSIVE;
				CLANG_CXX_LANGUAGE_STANDARD = "gnu++14";
				CLANG_CXX_LIBRARY = "libc++";
				CLANG_ENABLE_MODULES = YES;
				CLANG_ENABLE_OBJC_ARC = YES;
				CLANG_ENABLE_OBJC_WEAK = YES;
				CLANG_WARN_BLOCK_CAPTURE_AUTORELEASING = YES;
				CLANG_WARN_BOOL_CONVERSION = YES;
				CLANG_WARN_COMMA = YES;
				CLANG_WARN_CONSTANT_CONVERSION = YES;
				CLANG_WARN_DEPRECATED_OBJC_IMPLEMENTATIONS = YES;
				CLANG_WARN_DIRECT_OBJC_ISA_USAGE = YES_ERROR;
				CLANG_WARN_DOCUMENTATION_COMMENTS = YES;
				CLANG_WARN_EMPTY_BODY = YES;
				CLANG_WARN_ENUM_CONVERSION = YES;
				CLANG_WARN_INFINITE_RECURSION = YES;
				CLANG_WARN_INT_CONVERSION = YES;
				CLANG_WARN_NON_LITERAL_NULL_CONVERSION = YES;
				CLANG_WARN_OBJC_IMPLICIT_RETAIN_SELF = YES;
				CLANG_WARN_OBJC_LITERAL_CONVERSION = YES;
				CLANG_WARN_OBJC_ROOT_CLASS = YES_ERROR;
				CLANG_WARN_RANGE_LOOP_ANALYSIS = YES;
				CLANG_WARN_STRICT_PROTOTYPES = YES;
				CLANG_WARN_SUSPICIOUS_MOVE = YES;
				CLANG_WARN_UNGUARDED_AVAILABILITY = YES_AGGRESSIVE;
				CLANG_WARN_UNREACHABLE_CODE = YES;
				CLANG_WARN__DUPLICATE_METHOD_MATCH = YES;
				COPY_PHASE_STRIP = NO;
				DEBUG_INFORMATION_FORMAT = dwarf;
				ENABLE_STRICT_OBJC_MSGSEND = YES;
				ENABLE_TESTABILITY = YES;
				GCC_C_LANGUAGE_STANDARD = gnu11;
				GCC_DYNAMIC_NO_PIC = NO;
				GCC_NO_COMMON_BLOCKS = YES;
				GCC_OPTIMIZATION_LEVEL = 0;
				GCC_PREPROCESSOR_DEFINITIONS = (
					"DEBUG=1",
					"$(inherited)",
				);
				GCC_WARN_64_TO_32_BIT_CONVERSION = YES;
				GCC_WARN_ABOUT_RETURN_TYPE = YES_ERROR;
				GCC_WARN_UNDECLARED_SELECTOR = YES;
				GCC_WARN_UNINITIALIZED_AUTOS = YES_AGGRESSIVE;
				GCC_WARN_UNUSED_FUNCTION = YES;
				GCC_WARN_UNUSED_VARIABLE = YES;
				IPHONEOS_DEPLOYMENT_TARGET = 13.6;
				MTL_ENABLE_DEBUG_INFO = INCLUDE_SOURCE;
				MTL_FAST_MATH = YES;
				ONLY_ACTIVE_ARCH = YES;
				SDKROOT = iphoneos;
				SWIFT_ACTIVE_COMPILATION_CONDITIONS = DEBUG;
				SWIFT_OPTIMIZATION_LEVEL = "-Onone";
			};
			name = Debug;
		};
		9A95E76124D7731300F33F51 /* Release */ = {
			isa = XCBuildConfiguration;
			buildSettings = {
				ALWAYS_SEARCH_USER_PATHS = NO;
				CLANG_ANALYZER_NONNULL = YES;
				CLANG_ANALYZER_NUMBER_OBJECT_CONVERSION = YES_AGGRESSIVE;
				CLANG_CXX_LANGUAGE_STANDARD = "gnu++14";
				CLANG_CXX_LIBRARY = "libc++";
				CLANG_ENABLE_MODULES = YES;
				CLANG_ENABLE_OBJC_ARC = YES;
				CLANG_ENABLE_OBJC_WEAK = YES;
				CLANG_WARN_BLOCK_CAPTURE_AUTORELEASING = YES;
				CLANG_WARN_BOOL_CONVERSION = YES;
				CLANG_WARN_COMMA = YES;
				CLANG_WARN_CONSTANT_CONVERSION = YES;
				CLANG_WARN_DEPRECATED_OBJC_IMPLEMENTATIONS = YES;
				CLANG_WARN_DIRECT_OBJC_ISA_USAGE = YES_ERROR;
				CLANG_WARN_DOCUMENTATION_COMMENTS = YES;
				CLANG_WARN_EMPTY_BODY = YES;
				CLANG_WARN_ENUM_CONVERSION = YES;
				CLANG_WARN_INFINITE_RECURSION = YES;
				CLANG_WARN_INT_CONVERSION = YES;
				CLANG_WARN_NON_LITERAL_NULL_CONVERSION = YES;
				CLANG_WARN_OBJC_IMPLICIT_RETAIN_SELF = YES;
				CLANG_WARN_OBJC_LITERAL_CONVERSION = YES;
				CLANG_WARN_OBJC_ROOT_CLASS = YES_ERROR;
				CLANG_WARN_RANGE_LOOP_ANALYSIS = YES;
				CLANG_WARN_STRICT_PROTOTYPES = YES;
				CLANG_WARN_SUSPICIOUS_MOVE = YES;
				CLANG_WARN_UNGUARDED_AVAILABILITY = YES_AGGRESSIVE;
				CLANG_WARN_UNREACHABLE_CODE = YES;
				CLANG_WARN__DUPLICATE_METHOD_MATCH = YES;
				COPY_PHASE_STRIP = NO;
				DEBUG_INFORMATION_FORMAT = "dwarf-with-dsym";
				ENABLE_NS_ASSERTIONS = NO;
				ENABLE_STRICT_OBJC_MSGSEND = YES;
				GCC_C_LANGUAGE_STANDARD = gnu11;
				GCC_NO_COMMON_BLOCKS = YES;
				GCC_WARN_64_TO_32_BIT_CONVERSION = YES;
				GCC_WARN_ABOUT_RETURN_TYPE = YES_ERROR;
				GCC_WARN_UNDECLARED_SELECTOR = YES;
				GCC_WARN_UNINITIALIZED_AUTOS = YES_AGGRESSIVE;
				GCC_WARN_UNUSED_FUNCTION = YES;
				GCC_WARN_UNUSED_VARIABLE = YES;
				IPHONEOS_DEPLOYMENT_TARGET = 13.6;
				MTL_ENABLE_DEBUG_INFO = NO;
				MTL_FAST_MATH = YES;
				SDKROOT = iphoneos;
				SWIFT_COMPILATION_MODE = wholemodule;
				SWIFT_OPTIMIZATION_LEVEL = "-O";
				VALIDATE_PRODUCT = YES;
			};
			name = Release;
		};
		9A95E76324D7731300F33F51 /* Debug */ = {
			isa = XCBuildConfiguration;
			baseConfigurationReference = 47BA9A47A0A7506770155A71 /* Pods-PunkeBeerApp.debug.xcconfig */;
			buildSettings = {
				ASSETCATALOG_COMPILER_APPICON_NAME = AppIcon;
				CODE_SIGN_STYLE = Automatic;
				DEVELOPMENT_TEAM = W4VJ9THEFP;
				INFOPLIST_FILE = PunkeBeerApp/Info.plist;
				IPHONEOS_DEPLOYMENT_TARGET = 13.5;
				LD_RUNPATH_SEARCH_PATHS = (
					"$(inherited)",
					"@executable_path/Frameworks",
				);
				PRODUCT_BUNDLE_IDENTIFIER = "Gallardos-SA.PunkeBeerApp";
				PRODUCT_NAME = "$(TARGET_NAME)";
				SWIFT_VERSION = 5.0;
				TARGETED_DEVICE_FAMILY = "1,2";
			};
			name = Debug;
		};
		9A95E76424D7731300F33F51 /* Release */ = {
			isa = XCBuildConfiguration;
			baseConfigurationReference = 32D20B78156B9B47C2ECB362 /* Pods-PunkeBeerApp.release.xcconfig */;
			buildSettings = {
				ASSETCATALOG_COMPILER_APPICON_NAME = AppIcon;
				CODE_SIGN_STYLE = Automatic;
				DEVELOPMENT_TEAM = W4VJ9THEFP;
				INFOPLIST_FILE = PunkeBeerApp/Info.plist;
				IPHONEOS_DEPLOYMENT_TARGET = 13.5;
				LD_RUNPATH_SEARCH_PATHS = (
					"$(inherited)",
					"@executable_path/Frameworks",
				);
				PRODUCT_BUNDLE_IDENTIFIER = "Gallardos-SA.PunkeBeerApp";
				PRODUCT_NAME = "$(TARGET_NAME)";
				SWIFT_VERSION = 5.0;
				TARGETED_DEVICE_FAMILY = "1,2";
			};
			name = Release;
		};
		9A95E76624D7731300F33F51 /* Debug */ = {
			isa = XCBuildConfiguration;
			baseConfigurationReference = 363B85A42DB84E87A9422CAD /* Pods-PunkeBeerAppTests.debug.xcconfig */;
			buildSettings = {
				ALWAYS_EMBED_SWIFT_STANDARD_LIBRARIES = YES;
				BUNDLE_LOADER = "$(TEST_HOST)";
				CODE_SIGN_STYLE = Automatic;
				DEVELOPMENT_TEAM = W4VJ9THEFP;
				INFOPLIST_FILE = PunkeBeerAppTests/Info.plist;
				IPHONEOS_DEPLOYMENT_TARGET = 13.6;
				LD_RUNPATH_SEARCH_PATHS = (
					"$(inherited)",
					"@executable_path/Frameworks",
					"@loader_path/Frameworks",
				);
				PRODUCT_BUNDLE_IDENTIFIER = "Gallardos-SA.PunkeBeerAppTests";
				PRODUCT_NAME = "$(TARGET_NAME)";
				SWIFT_VERSION = 5.0;
				TARGETED_DEVICE_FAMILY = "1,2";
				TEST_HOST = "$(BUILT_PRODUCTS_DIR)/PunkeBeerApp.app/PunkeBeerApp";
			};
			name = Debug;
		};
		9A95E76724D7731300F33F51 /* Release */ = {
			isa = XCBuildConfiguration;
			baseConfigurationReference = 4FC11E352F7E7E4876A05E73 /* Pods-PunkeBeerAppTests.release.xcconfig */;
			buildSettings = {
				ALWAYS_EMBED_SWIFT_STANDARD_LIBRARIES = YES;
				BUNDLE_LOADER = "$(TEST_HOST)";
				CODE_SIGN_STYLE = Automatic;
				DEVELOPMENT_TEAM = W4VJ9THEFP;
				INFOPLIST_FILE = PunkeBeerAppTests/Info.plist;
				IPHONEOS_DEPLOYMENT_TARGET = 13.6;
				LD_RUNPATH_SEARCH_PATHS = (
					"$(inherited)",
					"@executable_path/Frameworks",
					"@loader_path/Frameworks",
				);
				PRODUCT_BUNDLE_IDENTIFIER = "Gallardos-SA.PunkeBeerAppTests";
				PRODUCT_NAME = "$(TARGET_NAME)";
				SWIFT_VERSION = 5.0;
				TARGETED_DEVICE_FAMILY = "1,2";
				TEST_HOST = "$(BUILT_PRODUCTS_DIR)/PunkeBeerApp.app/PunkeBeerApp";
			};
			name = Release;
		};
		9A95E76924D7731300F33F51 /* Debug */ = {
			isa = XCBuildConfiguration;
			baseConfigurationReference = CC2F8350CA068CC481837644 /* Pods-PunkeBeerApp-PunkeBeerAppUITests.debug.xcconfig */;
			buildSettings = {
				ALWAYS_EMBED_SWIFT_STANDARD_LIBRARIES = YES;
				CODE_SIGN_STYLE = Automatic;
				DEVELOPMENT_TEAM = W4VJ9THEFP;
				INFOPLIST_FILE = PunkeBeerAppUITests/Info.plist;
				LD_RUNPATH_SEARCH_PATHS = (
					"$(inherited)",
					"@executable_path/Frameworks",
					"@loader_path/Frameworks",
				);
				PRODUCT_BUNDLE_IDENTIFIER = "Gallardos-SA.PunkeBeerAppUITests";
				PRODUCT_NAME = "$(TARGET_NAME)";
				SWIFT_VERSION = 5.0;
				TARGETED_DEVICE_FAMILY = "1,2";
				TEST_TARGET_NAME = PunkeBeerApp;
			};
			name = Debug;
		};
		9A95E76A24D7731300F33F51 /* Release */ = {
			isa = XCBuildConfiguration;
			baseConfigurationReference = 9B59A6A951958C4200C05F1F /* Pods-PunkeBeerApp-PunkeBeerAppUITests.release.xcconfig */;
			buildSettings = {
				ALWAYS_EMBED_SWIFT_STANDARD_LIBRARIES = YES;
				CODE_SIGN_STYLE = Automatic;
				DEVELOPMENT_TEAM = W4VJ9THEFP;
				INFOPLIST_FILE = PunkeBeerAppUITests/Info.plist;
				LD_RUNPATH_SEARCH_PATHS = (
					"$(inherited)",
					"@executable_path/Frameworks",
					"@loader_path/Frameworks",
				);
				PRODUCT_BUNDLE_IDENTIFIER = "Gallardos-SA.PunkeBeerAppUITests";
				PRODUCT_NAME = "$(TARGET_NAME)";
				SWIFT_VERSION = 5.0;
				TARGETED_DEVICE_FAMILY = "1,2";
				TEST_TARGET_NAME = PunkeBeerApp;
			};
			name = Release;
		};
/* End XCBuildConfiguration section */

/* Begin XCConfigurationList section */
		9A95E73024D7730E00F33F51 /* Build configuration list for PBXProject "PunkeBeerApp" */ = {
			isa = XCConfigurationList;
			buildConfigurations = (
				9A95E76024D7731300F33F51 /* Debug */,
				9A95E76124D7731300F33F51 /* Release */,
			);
			defaultConfigurationIsVisible = 0;
			defaultConfigurationName = Release;
		};
		9A95E76224D7731300F33F51 /* Build configuration list for PBXNativeTarget "PunkeBeerApp" */ = {
			isa = XCConfigurationList;
			buildConfigurations = (
				9A95E76324D7731300F33F51 /* Debug */,
				9A95E76424D7731300F33F51 /* Release */,
			);
			defaultConfigurationIsVisible = 0;
			defaultConfigurationName = Release;
		};
		9A95E76524D7731300F33F51 /* Build configuration list for PBXNativeTarget "PunkeBeerAppTests" */ = {
			isa = XCConfigurationList;
			buildConfigurations = (
				9A95E76624D7731300F33F51 /* Debug */,
				9A95E76724D7731300F33F51 /* Release */,
			);
			defaultConfigurationIsVisible = 0;
			defaultConfigurationName = Release;
		};
		9A95E76824D7731300F33F51 /* Build configuration list for PBXNativeTarget "PunkeBeerAppUITests" */ = {
			isa = XCConfigurationList;
			buildConfigurations = (
				9A95E76924D7731300F33F51 /* Debug */,
				9A95E76A24D7731300F33F51 /* Release */,
			);
			defaultConfigurationIsVisible = 0;
			defaultConfigurationName = Release;
		};
/* End XCConfigurationList section */

/* Begin XCVersionGroup section */
		9A95E74124D7730E00F33F51 /* PunkeBeerApp.xcdatamodeld */ = {
			isa = XCVersionGroup;
			children = (
				9A95E74224D7730E00F33F51 /* PunkeBeerApp.xcdatamodel */,
			);
			currentVersion = 9A95E74224D7730E00F33F51 /* PunkeBeerApp.xcdatamodel */;
			path = PunkeBeerApp.xcdatamodeld;
			sourceTree = "<group>";
			versionGroupType = wrapper.xcdatamodel;
		};
/* End XCVersionGroup section */
	};
	rootObject = 9A95E72D24D7730E00F33F51 /* Project object */;
}
